
Microsoft Visual Studio Solution File, Format Version 12.00
# Visual Studio 15
VisualStudioVersion = 15.0.28307.902
MinimumVisualStudioVersion = 10.0.40219.1
Project("{FAE04EC0-301F-11D3-BF4B-00C04F79EFBC}") = "RepositorySearch", "mvc\RepositorySearch.csproj", "{05E43BEE-52A1-44F7-A1D2-1A82633E7B50}"
EndProject
Global
	GlobalSection(SolutionConfigurationPlatforms) = preSolution
		Debug|Any CPU = Debug|Any CPU
		Release|Any CPU = Release|Any CPU
	EndGlobalSection
	GlobalSection(ProjectConfigurationPlatforms) = postSolution
		{05E43BEE-52A1-44F7-A1D2-1A82633E7B50}.Debug|Any CPU.ActiveCfg = Debug|Any CPU
		{05E43BEE-52A1-44F7-A1D2-1A82633E7B50}.Debug|Any CPU.Build.0 = Debug|Any CPU
		{05E43BEE-52A1-44F7-A1D2-1A82633E7B50}.Release|Any CPU.ActiveCfg = Release|Any CPU
		{05E43BEE-52A1-44F7-A1D2-1A82633E7B50}.Release|Any CPU.Build.0 = Release|Any CPU
	EndGlobalSection
	GlobalSection(SolutionProperties) = preSolution
		HideSolutionNode = FALSE
	EndGlobalSection
	GlobalSection(ExtensibilityGlobals) = postSolution
		SolutionGuid = {0B08A797-7FE4-4A8E-BB04-34DFC5BF80EA}
	EndGlobalSection
EndGlobal
